
Microsoft Visual Studio Solution File, Format Version 12.00
# Visual Studio Version 16
VisualStudioVersion = 16.0.31410.357
MinimumVisualStudioVersion = 10.0.40219.1
Project("{FAE04EC0-301F-11D3-BF4B-00C04F79EFBC}") = "MauMauV2", "MauMauV2\MauMauV2.csproj", "{6FB2725B-0D4E-4C1A-8AA4-4203C64E21B5}"
EndProject
Global
	GlobalSection(SolutionConfigurationPlatforms) = preSolution
		Debug|Any CPU = Debug|Any CPU
		Release|Any CPU = Release|Any CPU
	EndGlobalSection
	GlobalSection(ProjectConfigurationPlatforms) = postSolution
		{6FB2725B-0D4E-4C1A-8AA4-4203C64E21B5}.Debug|Any CPU.ActiveCfg = Debug|Any CPU
		{6FB2725B-0D4E-4C1A-8AA4-4203C64E21B5}.Debug|Any CPU.Build.0 = Debug|Any CPU
		{6FB2725B-0D4E-4C1A-8AA4-4203C64E21B5}.Release|Any CPU.ActiveCfg = Release|Any CPU
		{6FB2725B-0D4E-4C1A-8AA4-4203C64E21B5}.Release|Any CPU.Build.0 = Release|Any CPU
	EndGlobalSection
	GlobalSection(SolutionProperties) = preSolution
		HideSolutionNode = FALSE
	EndGlobalSection
	GlobalSection(ExtensibilityGlobals) = postSolution
		SolutionGuid = {3C0AF239-99B5-40B5-A001-652D53AF1273}
	EndGlobalSection
EndGlobal
